// !$*UTF8*$!
{
	archiveVersion = 1;
	classes = {
	};
	objectVersion = 56;
	objects = {

/* Begin PBXBuildFile section */
		F56DB5D82A04DE81002D1674 /* AppDelegate.swift in Sources */ = {isa = PBXBuildFile; fileRef = F56DB5D72A04DE81002D1674 /* AppDelegate.swift */; };
		F56DB5DA2A04DE81002D1674 /* SceneDelegate.swift in Sources */ = {isa = PBXBuildFile; fileRef = F56DB5D92A04DE81002D1674 /* SceneDelegate.swift */; };
		F56DB5DC2A04DE81002D1674 /* ViewController.swift in Sources */ = {isa = PBXBuildFile; fileRef = F56DB5DB2A04DE81002D1674 /* ViewController.swift */; };
		F56DB5DF2A04DE81002D1674 /* Main.storyboard in Resources */ = {isa = PBXBuildFile; fileRef = F56DB5DD2A04DE81002D1674 /* Main.storyboard */; };
		F56DB5E12A04DE83002D1674 /* Assets.xcassets in Resources */ = {isa = PBXBuildFile; fileRef = F56DB5E02A04DE82002D1674 /* Assets.xcassets */; };
		F56DB5E42A04DE83002D1674 /* LaunchScreen.storyboard in Resources */ = {isa = PBXBuildFile; fileRef = F56DB5E22A04DE83002D1674 /* LaunchScreen.storyboard */; };
		F56DB5EF2A04DE83002D1674 /* _____Tests.swift in Sources */ = {isa = PBXBuildFile; fileRef = F56DB5EE2A04DE83002D1674 /* _____Tests.swift */; };
		F56DB5F92A04DE83002D1674 /* _____UITests.swift in Sources */ = {isa = PBXBuildFile; fileRef = F56DB5F82A04DE83002D1674 /* _____UITests.swift */; };
		F56DB5FB2A04DE83002D1674 /* _____UITestsLaunchTests.swift in Sources */ = {isa = PBXBuildFile; fileRef = F56DB5FA2A04DE83002D1674 /* _____UITestsLaunchTests.swift */; };
		F56DB6082A04DEF3002D1674 /* TeaBuilder.swift in Sources */ = {isa = PBXBuildFile; fileRef = F56DB6072A04DEF3002D1674 /* TeaBuilder.swift */; };
		F56DB60A2A04DF83002D1674 /* Director.swift in Sources */ = {isa = PBXBuildFile; fileRef = F56DB6092A04DF83002D1674 /* Director.swift */; };
		F56DB60C2A04E875002D1674 /* RedTeaBulider.swift in Sources */ = {isa = PBXBuildFile; fileRef = F56DB60B2A04E875002D1674 /* RedTeaBulider.swift */; };
		F56DB60E2A04E881002D1674 /* GreenTeaBuilder.swift in Sources */ = {isa = PBXBuildFile; fileRef = F56DB60D2A04E881002D1674 /* GreenTeaBuilder.swift */; };
		F56DB6102A04EAB1002D1674 /* Tea.swift in Sources */ = {isa = PBXBuildFile; fileRef = F56DB60F2A04EAB1002D1674 /* Tea.swift */; };
/* End PBXBuildFile section */

/* Begin PBXContainerItemProxy section */
		F56DB5EB2A04DE83002D1674 /* PBXContainerItemProxy */ = {
			isa = PBXContainerItemProxy;
			containerPortal = F56DB5CC2A04DE81002D1674 /* Project object */;
			proxyType = 1;
			remoteGlobalIDString = F56DB5D32A04DE81002D1674;
			remoteInfo = "创建者模式";
		};
		F56DB5F52A04DE83002D1674 /* PBXContainerItemProxy */ = {
			isa = PBXContainerItemProxy;
			containerPortal = F56DB5CC2A04DE81002D1674 /* Project object */;
			proxyType = 1;
			remoteGlobalIDString = F56DB5D32A04DE81002D1674;
			remoteInfo = "创建者模式";
		};
/* End PBXContainerItemProxy section */

/* Begin PBXFileReference section */
		F56DB5D42A04DE81002D1674 /* 创建者模式.app */ = {isa = PBXFileReference; explicitFileType = wrapper.application; includeInIndex = 0; path = "创建者模式.app"; sourceTree = BUILT_PRODUCTS_DIR; };
		F56DB5D72A04DE81002D1674 /* AppDelegate.swift */ = {isa = PBXFileReference; lastKnownFileType = sourcecode.swift; path = AppDelegate.swift; sourceTree = "<group>"; };
		F56DB5D92A04DE81002D1674 /* SceneDelegate.swift */ = {isa = PBXFileReference; lastKnownFileType = sourcecode.swift; path = SceneDelegate.swift; sourceTree = "<group>"; };
		F56DB5DB2A04DE81002D1674 /* ViewController.swift */ = {isa = PBXFileReference; lastKnownFileType = sourcecode.swift; path = ViewController.swift; sourceTree = "<group>"; };
		F56DB5DE2A04DE81002D1674 /* Base */ = {isa = PBXFileReference; lastKnownFileType = file.storyboard; name = Base; path = Base.lproj/Main.storyboard; sourceTree = "<group>"; };
		F56DB5E02A04DE82002D1674 /* Assets.xcassets */ = {isa = PBXFileReference; lastKnownFileType = folder.assetcatalog; path = Assets.xcassets; sourceTree = "<group>"; };
		F56DB5E32A04DE83002D1674 /* Base */ = {isa = PBXFileReference; lastKnownFileType = file.storyboard; name = Base; path = Base.lproj/LaunchScreen.storyboard; sourceTree = "<group>"; };
		F56DB5E52A04DE83002D1674 /* Info.plist */ = {isa = PBXFileReference; lastKnownFileType = text.plist.xml; path = Info.plist; sourceTree = "<group>"; };
		F56DB5EA2A04DE83002D1674 /* 创建者模式Tests.xctest */ = {isa = PBXFileReference; explicitFileType = wrapper.cfbundle; includeInIndex = 0; path = "创建者模式Tests.xctest"; sourceTree = BUILT_PRODUCTS_DIR; };
		F56DB5EE2A04DE83002D1674 /* _____Tests.swift */ = {isa = PBXFileReference; lastKnownFileType = sourcecode.swift; path = "_____Tests.swift"; sourceTree = "<group>"; };
		F56DB5F42A04DE83002D1674 /* 创建者模式UITests.xctest */ = {isa = PBXFileReference; explicitFileType = wrapper.cfbundle; includeInIndex = 0; path = "创建者模式UITests.xctest"; sourceTree = BUILT_PRODUCTS_DIR; };
		F56DB5F82A04DE83002D1674 /* _____UITests.swift */ = {isa = PBXFileReference; lastKnownFileType = sourcecode.swift; path = "_____UITests.swift"; sourceTree = "<group>"; };
		F56DB5FA2A04DE83002D1674 /* _____UITestsLaunchTests.swift */ = {isa = PBXFileReference; lastKnownFileType = sourcecode.swift; path = "_____UITestsLaunchTests.swift"; sourceTree = "<group>"; };
		F56DB6072A04DEF3002D1674 /* TeaBuilder.swift */ = {isa = PBXFileReference; lastKnownFileType = sourcecode.swift; path = TeaBuilder.swift; sourceTree = "<group>"; };
		F56DB6092A04DF83002D1674 /* Director.swift */ = {isa = PBXFileReference; lastKnownFileType = sourcecode.swift; path = Director.swift; sourceTree = "<group>"; };
		F56DB60B2A04E875002D1674 /* RedTeaBulider.swift */ = {isa = PBXFileReference; lastKnownFileType = sourcecode.swift; path = RedTeaBulider.swift; sourceTree = "<group>"; };
		F56DB60D2A04E881002D1674 /* GreenTeaBuilder.swift */ = {isa = PBXFileReference; lastKnownFileType = sourcecode.swift; path = GreenTeaBuilder.swift; sourceTree = "<group>"; };
		F56DB60F2A04EAB1002D1674 /* Tea.swift */ = {isa = PBXFileReference; lastKnownFileType = sourcecode.swift; path = Tea.swift; sourceTree = "<group>"; };
/* End PBXFileReference section */

/* Begin PBXFrameworksBuildPhase section */
		F56DB5D12A04DE81002D1674 /* Frameworks */ = {
			isa = PBXFrameworksBuildPhase;
			buildActionMask = 2147483647;
			files = (
			);
			runOnlyForDeploymentPostprocessing = 0;
		};
		F56DB5E72A04DE83002D1674 /* Frameworks */ = {
			isa = PBXFrameworksBuildPhase;
			buildActionMask = 2147483647;
			files = (
			);
			runOnlyForDeploymentPostprocessing = 0;
		};
		F56DB5F12A04DE83002D1674 /* Frameworks */ = {
			isa = PBXFrameworksBuildPhase;
			buildActionMask = 2147483647;
			files = (
			);
			runOnlyForDeploymentPostprocessing = 0;
		};
/* End PBXFrameworksBuildPhase section */

/* Begin PBXGroup section */
		F56DB5CB2A04DE81002D1674 = {
			isa = PBXGroup;
			children = (
				F56DB5D62A04DE81002D1674 /* 创建者模式 */,
				F56DB5ED2A04DE83002D1674 /* 创建者模式Tests */,
				F56DB5F72A04DE83002D1674 /* 创建者模式UITests */,
				F56DB5D52A04DE81002D1674 /* Products */,
			);
			sourceTree = "<group>";
		};
		F56DB5D52A04DE81002D1674 /* Products */ = {
			isa = PBXGroup;
			children = (
				F56DB5D42A04DE81002D1674 /* 创建者模式.app */,
				F56DB5EA2A04DE83002D1674 /* 创建者模式Tests.xctest */,
				F56DB5F42A04DE83002D1674 /* 创建者模式UITests.xctest */,
			);
			name = Products;
			sourceTree = "<group>";
		};
		F56DB5D62A04DE81002D1674 /* 创建者模式 */ = {
			isa = PBXGroup;
			children = (
				F56DB5D72A04DE81002D1674 /* AppDelegate.swift */,
				F56DB5D92A04DE81002D1674 /* SceneDelegate.swift */,
				F56DB5DB2A04DE81002D1674 /* ViewController.swift */,
				F56DB60F2A04EAB1002D1674 /* Tea.swift */,
				F56DB6072A04DEF3002D1674 /* TeaBuilder.swift */,
				F56DB60D2A04E881002D1674 /* GreenTeaBuilder.swift */,
				F56DB6092A04DF83002D1674 /* Director.swift */,
				F56DB60B2A04E875002D1674 /* RedTeaBulider.swift */,
				F56DB5DD2A04DE81002D1674 /* Main.storyboard */,
				F56DB5E02A04DE82002D1674 /* Assets.xcassets */,
				F56DB5E22A04DE83002D1674 /* LaunchScreen.storyboard */,
				F56DB5E52A04DE83002D1674 /* Info.plist */,
			);
			path = "创建者模式";
			sourceTree = "<group>";
		};
		F56DB5ED2A04DE83002D1674 /* 创建者模式Tests */ = {
			isa = PBXGroup;
			children = (
				F56DB5EE2A04DE83002D1674 /* _____Tests.swift */,
			);
			path = "创建者模式Tests";
			sourceTree = "<group>";
		};
		F56DB5F72A04DE83002D1674 /* 创建者模式UITests */ = {
			isa = PBXGroup;
			children = (
				F56DB5F82A04DE83002D1674 /* _____UITests.swift */,
				F56DB5FA2A04DE83002D1674 /* _____UITestsLaunchTests.swift */,
			);
			path = "创建者模式UITests";
			sourceTree = "<group>";
		};
/* End PBXGroup section */

/* Begin PBXNativeTarget section */
		F56DB5D32A04DE81002D1674 /* 创建者模式 */ = {
			isa = PBXNativeTarget;
			buildConfigurationList = F56DB5FE2A04DE83002D1674 /* Build configuration list for PBXNativeTarget "创建者模式" */;
			buildPhases = (
				F56DB5D02A04DE81002D1674 /* Sources */,
				F56DB5D12A04DE81002D1674 /* Frameworks */,
				F56DB5D22A04DE81002D1674 /* Resources */,
			);
			buildRules = (
			);
			dependencies = (
			);
			name = "创建者模式";
			productName = "创建者模式";
			productReference = F56DB5D42A04DE81002D1674 /* 创建者模式.app */;
			productType = "com.apple.product-type.application";
		};
		F56DB5E92A04DE83002D1674 /* 创建者模式Tests */ = {
			isa = PBXNativeTarget;
			buildConfigurationList = F56DB6012A04DE83002D1674 /* Build configuration list for PBXNativeTarget "创建者模式Tests" */;
			buildPhases = (
				F56DB5E62A04DE83002D1674 /* Sources */,
				F56DB5E72A04DE83002D1674 /* Frameworks */,
				F56DB5E82A04DE83002D1674 /* Resources */,
			);
			buildRules = (
			);
			dependencies = (
				F56DB5EC2A04DE83002D1674 /* PBXTargetDependency */,
			);
			name = "创建者模式Tests";
			productName = "创建者模式Tests";
			productReference = F56DB5EA2A04DE83002D1674 /* 创建者模式Tests.xctest */;
			productType = "com.apple.product-type.bundle.unit-test";
		};
		F56DB5F32A04DE83002D1674 /* 创建者模式UITests */ = {
			isa = PBXNativeTarget;
			buildConfigurationList = F56DB6042A04DE83002D1674 /* Build configuration list for PBXNativeTarget "创建者模式UITests" */;
			buildPhases = (
				F56DB5F02A04DE83002D1674 /* Sources */,
				F56DB5F12A04DE83002D1674 /* Frameworks */,
				F56DB5F22A04DE83002D1674 /* Resources */,
			);
			buildRules = (
			);
			dependencies = (
				F56DB5F62A04DE83002D1674 /* PBXTargetDependency */,
			);
			name = "创建者模式UITests";
			productName = "创建者模式UITests";
			productReference = F56DB5F42A04DE83002D1674 /* 创建者模式UITests.xctest */;
			productType = "com.apple.product-type.bundle.ui-testing";
		};
/* End PBXNativeTarget section */

/* Begin PBXProject section */
		F56DB5CC2A04DE81002D1674 /* Project object */ = {
			isa = PBXProject;
			attributes = {
				BuildIndependentTargetsInParallel = 1;
				LastSwiftUpdateCheck = 1420;
				LastUpgradeCheck = 1420;
				TargetAttributes = {
					F56DB5D32A04DE81002D1674 = {
						CreatedOnToolsVersion = 14.2;
					};
					F56DB5E92A04DE83002D1674 = {
						CreatedOnToolsVersion = 14.2;
						TestTargetID = F56DB5D32A04DE81002D1674;
					};
					F56DB5F32A04DE83002D1674 = {
						CreatedOnToolsVersion = 14.2;
						TestTargetID = F56DB5D32A04DE81002D1674;
					};
				};
			};
			buildConfigurationList = F56DB5CF2A04DE81002D1674 /* Build configuration list for PBXProject "创建者模式" */;
			compatibilityVersion = "Xcode 14.0";
			developmentRegion = en;
			hasScannedForEncodings = 0;
			knownRegions = (
				en,
				Base,
			);
			mainGroup = F56DB5CB2A04DE81002D1674;
			productRefGroup = F56DB5D52A04DE81002D1674 /* Products */;
			projectDirPath = "";
			projectRoot = "";
			targets = (
				F56DB5D32A04DE81002D1674 /* 创建者模式 */,
				F56DB5E92A04DE83002D1674 /* 创建者模式Tests */,
				F56DB5F32A04DE83002D1674 /* 创建者模式UITests */,
			);
		};
/* End PBXProject section */

/* Begin PBXResourcesBuildPhase section */
		F56DB5D22A04DE81002D1674 /* Resources */ = {
			isa = PBXResourcesBuildPhase;
			buildActionMask = 2147483647;
			files = (
				F56DB5E42A04DE83002D1674 /* LaunchScreen.storyboard in Resources */,
				F56DB5E12A04DE83002D1674 /* Assets.xcassets in Resources */,
				F56DB5DF2A04DE81002D1674 /* Main.storyboard in Resources */,
			);
			runOnlyForDeploymentPostprocessing = 0;
		};
		F56DB5E82A04DE83002D1674 /* Resources */ = {
			isa = PBXResourcesBuildPhase;
			buildActionMask = 2147483647;
			files = (
			);
			runOnlyForDeploymentPostprocessing = 0;
		};
		F56DB5F22A04DE83002D1674 /* Resources */ = {
			isa = PBXResourcesBuildPhase;
			buildActionMask = 2147483647;
			files = (
			);
			runOnlyForDeploymentPostprocessing = 0;
		};
/* End PBXResourcesBuildPhase section */

/* Begin PBXSourcesBuildPhase section */
		F56DB5D02A04DE81002D1674 /* Sources */ = {
			isa = PBXSourcesBuildPhase;
			buildActionMask = 2147483647;
			files = (
				F56DB60E2A04E881002D1674 /* GreenTeaBuilder.swift in Sources */,
				F56DB6082A04DEF3002D1674 /* TeaBuilder.swift in Sources */,
				F56DB5DC2A04DE81002D1674 /* ViewController.swift in Sources */,
				F56DB60A2A04DF83002D1674 /* Director.swift in Sources */,
				F56DB5D82A04DE81002D1674 /* AppDelegate.swift in Sources */,
				F56DB60C2A04E875002D1674 /* RedTeaBulider.swift in Sources */,
				F56DB6102A04EAB1002D1674 /* Tea.swift in Sources */,
				F56DB5DA2A04DE81002D1674 /* SceneDelegate.swift in Sources */,
			);
			runOnlyForDeploymentPostprocessing = 0;
		};
		F56DB5E62A04DE83002D1674 /* Sources */ = {
			isa = PBXSourcesBuildPhase;
			buildActionMask = 2147483647;
			files = (
				F56DB5EF2A04DE83002D1674 /* _____Tests.swift in Sources */,
			);
			runOnlyForDeploymentPostprocessing = 0;
		};
		F56DB5F02A04DE83002D1674 /* Sources */ = {
			isa = PBXSourcesBuildPhase;
			buildActionMask = 2147483647;
			files = (
				F56DB5FB2A04DE83002D1674 /* _____UITestsLaunchTests.swift in Sources */,
				F56DB5F92A04DE83002D1674 /* _____UITests.swift in Sources */,
			);
			runOnlyForDeploymentPostprocessing = 0;
		};
/* End PBXSourcesBuildPhase section */

/* Begin PBXTargetDependency section */
		F56DB5EC2A04DE83002D1674 /* PBXTargetDependency */ = {
			isa = PBXTargetDependency;
			target = F56DB5D32A04DE81002D1674 /* 创建者模式 */;
			targetProxy = F56DB5EB2A04DE83002D1674 /* PBXContainerItemProxy */;
		};
		F56DB5F62A04DE83002D1674 /* PBXTargetDependency */ = {
			isa = PBXTargetDependency;
			target = F56DB5D32A04DE81002D1674 /* 创建者模式 */;
			targetProxy = F56DB5F52A04DE83002D1674 /* PBXContainerItemProxy */;
		};
/* End PBXTargetDependency section */

/* Begin PBXVariantGroup section */
		F56DB5DD2A04DE81002D1674 /* Main.storyboard */ = {
			isa = PBXVariantGroup;
			children = (
				F56DB5DE2A04DE81002D1674 /* Base */,
			);
			name = Main.storyboard;
			sourceTree = "<group>";
		};
		F56DB5E22A04DE83002D1674 /* LaunchScreen.storyboard */ = {
			isa = PBXVariantGroup;
			children = (
				F56DB5E32A04DE83002D1674 /* Base */,
			);
			name = LaunchScreen.storyboard;
			sourceTree = "<group>";
		};
/* End PBXVariantGroup section */

/* Begin XCBuildConfiguration section */
		F56DB5FC2A04DE83002D1674 /* Debug */ = {
			isa = XCBuildConfiguration;
			buildSettings = {
				ALWAYS_SEARCH_USER_PATHS = NO;
				CLANG_ANALYZER_NONNULL = YES;
				CLANG_ANALYZER_NUMBER_OBJECT_CONVERSION = YES_AGGRESSIVE;
				CLANG_CXX_LANGUAGE_STANDARD = "gnu++20";
				CLANG_ENABLE_MODULES = YES;
				CLANG_ENABLE_OBJC_ARC = YES;
				CLANG_ENABLE_OBJC_WEAK = YES;
				CLANG_WARN_BLOCK_CAPTURE_AUTORELEASING = YES;
				CLANG_WARN_BOOL_CONVERSION = YES;
				CLANG_WARN_COMMA = YES;
				CLANG_WARN_CONSTANT_CONVERSION = YES;
				CLANG_WARN_DEPRECATED_OBJC_IMPLEMENTATIONS = YES;
				CLANG_WARN_DIRECT_OBJC_ISA_USAGE = YES_ERROR;
				CLANG_WARN_DOCUMENTATION_COMMENTS = YES;
				CLANG_WARN_EMPTY_BODY = YES;
				CLANG_WARN_ENUM_CONVERSION = YES;
				CLANG_WARN_INFINITE_RECURSION = YES;
				CLANG_WARN_INT_CONVERSION = YES;
				CLANG_WARN_NON_LITERAL_NULL_CONVERSION = YES;
				CLANG_WARN_OBJC_IMPLICIT_RETAIN_SELF = YES;
				CLANG_WARN_OBJC_LITERAL_CONVERSION = YES;
				CLANG_WARN_OBJC_ROOT_CLASS = YES_ERROR;
				CLANG_WARN_QUOTED_INCLUDE_IN_FRAMEWORK_HEADER = YES;
				CLANG_WARN_RANGE_LOOP_ANALYSIS = YES;
				CLANG_WARN_STRICT_PROTOTYPES = YES;
				CLANG_WARN_SUSPICIOUS_MOVE = YES;
				CLANG_WARN_UNGUARDED_AVAILABILITY = YES_AGGRESSIVE;
				CLANG_WARN_UNREACHABLE_CODE = YES;
				CLANG_WARN__DUPLICATE_METHOD_MATCH = YES;
				COPY_PHASE_STRIP = NO;
				DEBUG_INFORMATION_FORMAT = dwarf;
				ENABLE_STRICT_OBJC_MSGSEND = YES;
				ENABLE_TESTABILITY = YES;
				GCC_C_LANGUAGE_STANDARD = gnu11;
				GCC_DYNAMIC_NO_PIC = NO;
				GCC_NO_COMMON_BLOCKS = YES;
				GCC_OPTIMIZATION_LEVEL = 0;
				GCC_PREPROCESSOR_DEFINITIONS = (
					"DEBUG=1",
					"$(inherited)",
				);
				GCC_WARN_64_TO_32_BIT_CONVERSION = YES;
				GCC_WARN_ABOUT_RETURN_TYPE = YES_ERROR;
				GCC_WARN_UNDECLARED_SELECTOR = YES;
				GCC_WARN_UNINITIALIZED_AUTOS = YES_AGGRESSIVE;
				GCC_WARN_UNUSED_FUNCTION = YES;
				GCC_WARN_UNUSED_VARIABLE = YES;
				IPHONEOS_DEPLOYMENT_TARGET = 16.2;
				MTL_ENABLE_DEBUG_INFO = INCLUDE_SOURCE;
				MTL_FAST_MATH = YES;
				ONLY_ACTIVE_ARCH = YES;
				SDKROOT = iphoneos;
				SWIFT_ACTIVE_COMPILATION_CONDITIONS = DEBUG;
				SWIFT_OPTIMIZATION_LEVEL = "-Onone";
			};
			name = Debug;
		};
		F56DB5FD2A04DE83002D1674 /* Release */ = {
			isa = XCBuildConfiguration;
			buildSettings = {
				ALWAYS_SEARCH_USER_PATHS = NO;
				CLANG_ANALYZER_NONNULL = YES;
				CLANG_ANALYZER_NUMBER_OBJECT_CONVERSION = YES_AGGRESSIVE;
				CLANG_CXX_LANGUAGE_STANDARD = "gnu++20";
				CLANG_ENABLE_MODULES = YES;
				CLANG_ENABLE_OBJC_ARC = YES;
				CLANG_ENABLE_OBJC_WEAK = YES;
				CLANG_WARN_BLOCK_CAPTURE_AUTORELEASING = YES;
				CLANG_WARN_BOOL_CONVERSION = YES;
				CLANG_WARN_COMMA = YES;
				CLANG_WARN_CONSTANT_CONVERSION = YES;
				CLANG_WARN_DEPRECATED_OBJC_IMPLEMENTATIONS = YES;
				CLANG_WARN_DIRECT_OBJC_ISA_USAGE = YES_ERROR;
				CLANG_WARN_DOCUMENTATION_COMMENTS = YES;
				CLANG_WARN_EMPTY_BODY = YES;
				CLANG_WARN_ENUM_CONVERSION = YES;
				CLANG_WARN_INFINITE_RECURSION = YES;
				CLANG_WARN_INT_CONVERSION = YES;
				CLANG_WARN_NON_LITERAL_NULL_CONVERSION = YES;
				CLANG_WARN_OBJC_IMPLICIT_RETAIN_SELF = YES;
				CLANG_WARN_OBJC_LITERAL_CONVERSION = YES;
				CLANG_WARN_OBJC_ROOT_CLASS = YES_ERROR;
				CLANG_WARN_QUOTED_INCLUDE_IN_FRAMEWORK_HEADER = YES;
				CLANG_WARN_RANGE_LOOP_ANALYSIS = YES;
				CLANG_WARN_STRICT_PROTOTYPES = YES;
				CLANG_WARN_SUSPICIOUS_MOVE = YES;
				CLANG_WARN_UNGUARDED_AVAILABILITY = YES_AGGRESSIVE;
				CLANG_WARN_UNREACHABLE_CODE = YES;
				CLANG_WARN__DUPLICATE_METHOD_MATCH = YES;
				COPY_PHASE_STRIP = NO;
				DEBUG_INFORMATION_FORMAT = "dwarf-with-dsym";
				ENABLE_NS_ASSERTIONS = NO;
				ENABLE_STRICT_OBJC_MSGSEND = YES;
				GCC_C_LANGUAGE_STANDARD = gnu11;
				GCC_NO_COMMON_BLOCKS = YES;
				GCC_WARN_64_TO_32_BIT_CONVERSION = YES;
				GCC_WARN_ABOUT_RETURN_TYPE = YES_ERROR;
				GCC_WARN_UNDECLARED_SELECTOR = YES;
				GCC_WARN_UNINITIALIZED_AUTOS = YES_AGGRESSIVE;
				GCC_WARN_UNUSED_FUNCTION = YES;
				GCC_WARN_UNUSED_VARIABLE = YES;
				IPHONEOS_DEPLOYMENT_TARGET = 16.2;
				MTL_ENABLE_DEBUG_INFO = NO;
				MTL_FAST_MATH = YES;
				SDKROOT = iphoneos;
				SWIFT_COMPILATION_MODE = wholemodule;
				SWIFT_OPTIMIZATION_LEVEL = "-O";
				VALIDATE_PRODUCT = YES;
			};
			name = Release;
		};
		F56DB5FF2A04DE83002D1674 /* Debug */ = {
			isa = XCBuildConfiguration;
			buildSettings = {
				ASSETCATALOG_COMPILER_APPICON_NAME = AppIcon;
				ASSETCATALOG_COMPILER_GLOBAL_ACCENT_COLOR_NAME = AccentColor;
				CODE_SIGN_STYLE = Automatic;
				CURRENT_PROJECT_VERSION = 1;
				GENERATE_INFOPLIST_FILE = YES;
				INFOPLIST_FILE = "创建者模式/Info.plist";
				INFOPLIST_KEY_UIApplicationSupportsIndirectInputEvents = YES;
				INFOPLIST_KEY_UILaunchStoryboardName = LaunchScreen;
				INFOPLIST_KEY_UIMainStoryboardFile = Main;
				INFOPLIST_KEY_UISupportedInterfaceOrientations_iPad = "UIInterfaceOrientationPortrait UIInterfaceOrientationPortraitUpsideDown UIInterfaceOrientationLandscapeLeft UIInterfaceOrientationLandscapeRight";
				INFOPLIST_KEY_UISupportedInterfaceOrientations_iPhone = "UIInterfaceOrientationPortrait UIInterfaceOrientationLandscapeLeft UIInterfaceOrientationLandscapeRight";
				LD_RUNPATH_SEARCH_PATHS = (
					"$(inherited)",
					"@executable_path/Frameworks",
				);
				MARKETING_VERSION = 1.0;
				PRODUCT_BUNDLE_IDENTIFIER = "com.personal.-----";
				PRODUCT_NAME = "$(TARGET_NAME)";
				SWIFT_EMIT_LOC_STRINGS = YES;
				SWIFT_VERSION = 5.0;
				TARGETED_DEVICE_FAMILY = "1,2";
			};
			name = Debug;
		};
		F56DB6002A04DE83002D1674 /* Release */ = {
			isa = XCBuildConfiguration;
			buildSettings = {
				ASSETCATALOG_COMPILER_APPICON_NAME = AppIcon;
				ASSETCATALOG_COMPILER_GLOBAL_ACCENT_COLOR_NAME = AccentColor;
				CODE_SIGN_STYLE = Automatic;
				CURRENT_PROJECT_VERSION = 1;
				GENERATE_INFOPLIST_FILE = YES;
				INFOPLIST_FILE = "创建者模式/Info.plist";
				INFOPLIST_KEY_UIApplicationSupportsIndirectInputEvents = YES;
				INFOPLIST_KEY_UILaunchStoryboardName = LaunchScreen;
				INFOPLIST_KEY_UIMainStoryboardFile = Main;
				INFOPLIST_KEY_UISupportedInterfaceOrientations_iPad = "UIInterfaceOrientationPortrait UIInterfaceOrientationPortraitUpsideDown UIInterfaceOrientationLandscapeLeft UIInterfaceOrientationLandscapeRight";
				INFOPLIST_KEY_UISupportedInterfaceOrientations_iPhone = "UIInterfaceOrientationPortrait UIInterfaceOrientationLandscapeLeft UIInterfaceOrientationLandscapeRight";
				LD_RUNPATH_SEARCH_PATHS = (
					"$(inherited)",
					"@executable_path/Frameworks",
				);
				MARKETING_VERSION = 1.0;
				PRODUCT_BUNDLE_IDENTIFIER = "com.personal.-----";
				PRODUCT_NAME = "$(TARGET_NAME)";
				SWIFT_EMIT_LOC_STRINGS = YES;
				SWIFT_VERSION = 5.0;
				TARGETED_DEVICE_FAMILY = "1,2";
			};
			name = Release;
		};
		F56DB6022A04DE83002D1674 /* Debug */ = {
			isa = XCBuildConfiguration;
			buildSettings = {
				ALWAYS_EMBED_SWIFT_STANDARD_LIBRARIES = YES;
				BUNDLE_LOADER = "$(TEST_HOST)";
				CODE_SIGN_STYLE = Automatic;
				CURRENT_PROJECT_VERSION = 1;
				GENERATE_INFOPLIST_FILE = YES;
				IPHONEOS_DEPLOYMENT_TARGET = 16.2;
				MARKETING_VERSION = 1.0;
				PRODUCT_BUNDLE_IDENTIFIER = "com.personal.-----Tests";
				PRODUCT_NAME = "$(TARGET_NAME)";
				SWIFT_EMIT_LOC_STRINGS = NO;
				SWIFT_VERSION = 5.0;
				TARGETED_DEVICE_FAMILY = "1,2";
				TEST_HOST = "$(BUILT_PRODUCTS_DIR)/创建者模式.app/$(BUNDLE_EXECUTABLE_FOLDER_PATH)/创建者模式";
			};
			name = Debug;
		};
		F56DB6032A04DE83002D1674 /* Release */ = {
			isa = XCBuildConfiguration;
			buildSettings = {
				ALWAYS_EMBED_SWIFT_STANDARD_LIBRARIES = YES;
				BUNDLE_LOADER = "$(TEST_HOST)";
				CODE_SIGN_STYLE = Automatic;
				CURRENT_PROJECT_VERSION = 1;
				GENERATE_INFOPLIST_FILE = YES;
				IPHONEOS_DEPLOYMENT_TARGET = 16.2;
				MARKETING_VERSION = 1.0;
				PRODUCT_BUNDLE_IDENTIFIER = "com.personal.-----Tests";
				PRODUCT_NAME = "$(TARGET_NAME)";
				SWIFT_EMIT_LOC_STRINGS = NO;
				SWIFT_VERSION = 5.0;
				TARGETED_DEVICE_FAMILY = "1,2";
				TEST_HOST = "$(BUILT_PRODUCTS_DIR)/创建者模式.app/$(BUNDLE_EXECUTABLE_FOLDER_PATH)/创建者模式";
			};
			name = Release;
		};
		F56DB6052A04DE83002D1674 /* Debug */ = {
			isa = XCBuildConfiguration;
			buildSettings = {
				ALWAYS_EMBED_SWIFT_STANDARD_LIBRARIES = YES;
				CODE_SIGN_STYLE = Automatic;
				CURRENT_PROJECT_VERSION = 1;
				GENERATE_INFOPLIST_FILE = YES;
				MARKETING_VERSION = 1.0;
				PRODUCT_BUNDLE_IDENTIFIER = "com.personal.-----UITests";
				PRODUCT_NAME = "$(TARGET_NAME)";
				SWIFT_EMIT_LOC_STRINGS = NO;
				SWIFT_VERSION = 5.0;
				TARGETED_DEVICE_FAMILY = "1,2";
				TEST_TARGET_NAME = "创建者模式";
			};
			name = Debug;
		};
		F56DB6062A04DE83002D1674 /* Release */ = {
			isa = XCBuildConfiguration;
			buildSettings = {
				ALWAYS_EMBED_SWIFT_STANDARD_LIBRARIES = YES;
				CODE_SIGN_STYLE = Automatic;
				CURRENT_PROJECT_VERSION = 1;
				GENERATE_INFOPLIST_FILE = YES;
				MARKETING_VERSION = 1.0;
				PRODUCT_BUNDLE_IDENTIFIER = "com.personal.-----UITests";
				PRODUCT_NAME = "$(TARGET_NAME)";
				SWIFT_EMIT_LOC_STRINGS = NO;
				SWIFT_VERSION = 5.0;
				TARGETED_DEVICE_FAMILY = "1,2";
				TEST_TARGET_NAME = "创建者模式";
			};
			name = Release;
		};
/* End XCBuildConfiguration section */

/* Begin XCConfigurationList section */
		F56DB5CF2A04DE81002D1674 /* Build configuration list for PBXProject "创建者模式" */ = {
			isa = XCConfigurationList;
			buildConfigurations = (
				F56DB5FC2A04DE83002D1674 /* Debug */,
				F56DB5FD2A04DE83002D1674 /* Release */,
			);
			defaultConfigurationIsVisible = 0;
			defaultConfigurationName = Release;
		};
		F56DB5FE2A04DE83002D1674 /* Build configuration list for PBXNativeTarget "创建者模式" */ = {
			isa = XCConfigurationList;
			buildConfigurations = (
				F56DB5FF2A04DE83002D1674 /* Debug */,
				F56DB6002A04DE83002D1674 /* Release */,
			);
			defaultConfigurationIsVisible = 0;
			defaultConfigurationName = Release;
		};
		F56DB6012A04DE83002D1674 /* Build configuration list for PBXNativeTarget "创建者模式Tests" */ = {
			isa = XCConfigurationList;
			buildConfigurations = (
				F56DB6022A04DE83002D1674 /* Debug */,
				F56DB6032A04DE83002D1674 /* Release */,
			);
			defaultConfigurationIsVisible = 0;
			defaultConfigurationName = Release;
		};
		F56DB6042A04DE83002D1674 /* Build configuration list for PBXNativeTarget "创建者模式UITests" */ = {
			isa = XCConfigurationList;
			buildConfigurations = (
				F56DB6052A04DE83002D1674 /* Debug */,
				F56DB6062A04DE83002D1674 /* Release */,
			);
			defaultConfigurationIsVisible = 0;
			defaultConfigurationName = Release;
		};
/* End XCConfigurationList section */
	};
	rootObject = F56DB5CC2A04DE81002D1674 /* Project object */;
}
